// !$*UTF8*$!
{
	archiveVersion = 1;
	classes = {
	};
	objectVersion = 77;
	objects = {

/* Begin PBXBuildFile section */
		C8A591AA2D99AB2300CB8195 /* FirebaseAnalytics in Frameworks */ = {isa = PBXBuildFile; productRef = C8A591A92D99AB2300CB8195 /* FirebaseAnalytics */; };
		C8A591AC2D99AB2300CB8195 /* FirebaseAnalyticsOnDeviceConversion in Frameworks */ = {isa = PBXBuildFile; productRef = C8A591AB2D99AB2300CB8195 /* FirebaseAnalyticsOnDeviceConversion */; };
		C8A591AE2D99AB2300CB8195 /* FirebaseAnalyticsWithoutAdIdSupport in Frameworks */ = {isa = PBXBuildFile; productRef = C8A591AD2D99AB2300CB8195 /* FirebaseAnalyticsWithoutAdIdSupport */; };
		C8A591B02D99AB2300CB8195 /* FirebaseAppCheck in Frameworks */ = {isa = PBXBuildFile; productRef = C8A591AF2D99AB2300CB8195 /* FirebaseAppCheck */; };
		C8A591B22D99AB2300CB8195 /* FirebaseAppDistribution-Beta in Frameworks */ = {isa = PBXBuildFile; productRef = C8A591B12D99AB2300CB8195 /* FirebaseAppDistribution-Beta */; };
		C8A591B42D99AB2300CB8195 /* FirebaseAuth in Frameworks */ = {isa = PBXBuildFile; productRef = C8A591B32D99AB2300CB8195 /* FirebaseAuth */; };
		C8A591B62D99AB2300CB8195 /* FirebaseAuthCombine-Community in Frameworks */ = {isa = PBXBuildFile; productRef = C8A591B52D99AB2300CB8195 /* FirebaseAuthCombine-Community */; };
		C8A591B82D99AB2300CB8195 /* FirebaseCore in Frameworks */ = {isa = PBXBuildFile; productRef = C8A591B72D99AB2300CB8195 /* FirebaseCore */; };
		C8A591BA2D99AB2300CB8195 /* FirebaseCrashlytics in Frameworks */ = {isa = PBXBuildFile; productRef = C8A591B92D99AB2300CB8195 /* FirebaseCrashlytics */; };
		C8A591BC2D99AB2300CB8195 /* FirebaseDatabase in Frameworks */ = {isa = PBXBuildFile; productRef = C8A591BB2D99AB2300CB8195 /* FirebaseDatabase */; };
		C8A591BE2D99AB2300CB8195 /* FirebaseDynamicLinks in Frameworks */ = {isa = PBXBuildFile; productRef = C8A591BD2D99AB2300CB8195 /* FirebaseDynamicLinks */; };
		C8A591C02D99AB2300CB8195 /* FirebaseFirestore in Frameworks */ = {isa = PBXBuildFile; productRef = C8A591BF2D99AB2300CB8195 /* FirebaseFirestore */; };
		C8A591C22D99AB2300CB8195 /* FirebaseFirestoreCombine-Community in Frameworks */ = {isa = PBXBuildFile; productRef = C8A591C12D99AB2300CB8195 /* FirebaseFirestoreCombine-Community */; };
		C8A591C42D99AB2300CB8195 /* FirebaseFunctions in Frameworks */ = {isa = PBXBuildFile; productRef = C8A591C32D99AB2300CB8195 /* FirebaseFunctions */; };
		C8A591C62D99AB2300CB8195 /* FirebaseFunctionsCombine-Community in Frameworks */ = {isa = PBXBuildFile; productRef = C8A591C52D99AB2300CB8195 /* FirebaseFunctionsCombine-Community */; };
		C8A591C82D99AB2300CB8195 /* FirebaseInAppMessaging-Beta in Frameworks */ = {isa = PBXBuildFile; productRef = C8A591C72D99AB2300CB8195 /* FirebaseInAppMessaging-Beta */; };
		C8A591CA2D99AB2300CB8195 /* FirebaseInstallations in Frameworks */ = {isa = PBXBuildFile; productRef = C8A591C92D99AB2300CB8195 /* FirebaseInstallations */; };
		C8A591CC2D99AB2300CB8195 /* FirebaseMLModelDownloader in Frameworks */ = {isa = PBXBuildFile; productRef = C8A591CB2D99AB2300CB8195 /* FirebaseMLModelDownloader */; };
		C8A591CE2D99AB2300CB8195 /* FirebaseMessaging in Frameworks */ = {isa = PBXBuildFile; productRef = C8A591CD2D99AB2300CB8195 /* FirebaseMessaging */; };
		C8A591D02D99AB2300CB8195 /* FirebasePerformance in Frameworks */ = {isa = PBXBuildFile; productRef = C8A591CF2D99AB2300CB8195 /* FirebasePerformance */; };
		C8A591D22D99AB2300CB8195 /* FirebaseRemoteConfig in Frameworks */ = {isa = PBXBuildFile; productRef = C8A591D12D99AB2300CB8195 /* FirebaseRemoteConfig */; };
		C8A591D42D99AB2300CB8195 /* FirebaseStorage in Frameworks */ = {isa = PBXBuildFile; productRef = C8A591D32D99AB2300CB8195 /* FirebaseStorage */; };
		C8A591D62D99AB2300CB8195 /* FirebaseStorageCombine-Community in Frameworks */ = {isa = PBXBuildFile; productRef = C8A591D52D99AB2300CB8195 /* FirebaseStorageCombine-Community */; };
		C8A591D82D99AB2300CB8195 /* FirebaseVertexAI in Frameworks */ = {isa = PBXBuildFile; productRef = C8A591D72D99AB2300CB8195 /* FirebaseVertexAI */; };
/* End PBXBuildFile section */

/* Begin PBXContainerItemProxy section */
		C8A58FE02D996C3A00CB8195 /* PBXContainerItemProxy */ = {
			isa = PBXContainerItemProxy;
			containerPortal = C8A58FC52D996C3900CB8195 /* Project object */;
			proxyType = 1;
			remoteGlobalIDString = C8A58FCC2D996C3900CB8195;
			remoteInfo = Aura_iOS;
		};
		C8A58FEA2D996C3A00CB8195 /* PBXContainerItemProxy */ = {
			isa = PBXContainerItemProxy;
			containerPortal = C8A58FC52D996C3900CB8195 /* Project object */;
			proxyType = 1;
			remoteGlobalIDString = C8A58FCC2D996C3900CB8195;
			remoteInfo = Aura_iOS;
		};
/* End PBXContainerItemProxy section */

/* Begin PBXFileReference section */
		C8A58FCD2D996C3900CB8195 /* Aura_iOS.app */ = {isa = PBXFileReference; explicitFileType = wrapper.application; includeInIndex = 0; path = Aura_iOS.app; sourceTree = BUILT_PRODUCTS_DIR; };
		C8A58FDF2D996C3A00CB8195 /* Aura_iOSTests.xctest */ = {isa = PBXFileReference; explicitFileType = wrapper.cfbundle; includeInIndex = 0; path = Aura_iOSTests.xctest; sourceTree = BUILT_PRODUCTS_DIR; };
		C8A58FE92D996C3A00CB8195 /* Aura_iOSUITests.xctest */ = {isa = PBXFileReference; explicitFileType = wrapper.cfbundle; includeInIndex = 0; path = Aura_iOSUITests.xctest; sourceTree = BUILT_PRODUCTS_DIR; };
/* End PBXFileReference section */

/* Begin PBXFileSystemSynchronizedBuildFileExceptionSet section */
		C8881E102DE210F400F8D83E /* Exceptions for "Root" folder in "Aura_iOSTests" target */ = {
			isa = PBXFileSystemSynchronizedBuildFileExceptionSet;
			membershipExceptions = (
				"GoogleService-Info.plist",
			);
			target = C8A58FDE2D996C3A00CB8195 /* Aura_iOSTests */;
		};
		C8881E112DE210F400F8D83E /* Exceptions for "Root" folder in "Aura_iOSUITests" target */ = {
			isa = PBXFileSystemSynchronizedBuildFileExceptionSet;
			membershipExceptions = (
				"GoogleService-Info.plist",
			);
			target = C8A58FE82D996C3A00CB8195 /* Aura_iOSUITests */;
		};
/* End PBXFileSystemSynchronizedBuildFileExceptionSet section */

/* Begin PBXFileSystemSynchronizedRootGroup section */
		C84F263F2DDF23C300E1D280 /* Files */ = {
			isa = PBXFileSystemSynchronizedRootGroup;
			path = Files;
			sourceTree = "<group>";
		};
		C8A58FCF2D996C3900CB8195 /* Aura_iOS */ = {
			isa = PBXFileSystemSynchronizedRootGroup;
			path = Aura_iOS;
			sourceTree = "<group>";
		};
		C8A58FE22D996C3A00CB8195 /* Aura_iOSTests */ = {
			isa = PBXFileSystemSynchronizedRootGroup;
			path = Aura_iOSTests;
			sourceTree = "<group>";
		};
		C8A58FEC2D996C3A00CB8195 /* Aura_iOSUITests */ = {
			isa = PBXFileSystemSynchronizedRootGroup;
			path = Aura_iOSUITests;
			sourceTree = "<group>";
		};
		C8A58FFC2D996C9F00CB8195 /* Root */ = {
			isa = PBXFileSystemSynchronizedRootGroup;
			exceptions = (
				C8881E102DE210F400F8D83E /* Exceptions for "Root" folder in "Aura_iOSTests" target */,
				C8881E112DE210F400F8D83E /* Exceptions for "Root" folder in "Aura_iOSUITests" target */,
			);
			path = Root;
			sourceTree = "<group>";
		};
		C8A58FFD2D996CB400CB8195 /* Features */ = {
			isa = PBXFileSystemSynchronizedRootGroup;
			path = Features;
			sourceTree = "<group>";
		};
/* End PBXFileSystemSynchronizedRootGroup section */

/* Begin PBXFrameworksBuildPhase section */
		C8A58FCA2D996C3900CB8195 /* Frameworks */ = {
			isa = PBXFrameworksBuildPhase;
			buildActionMask = 2147483647;
			files = (
				C8A591C22D99AB2300CB8195 /* FirebaseFirestoreCombine-Community in Frameworks */,
				C8A591D82D99AB2300CB8195 /* FirebaseVertexAI in Frameworks */,
				C8A591C42D99AB2300CB8195 /* FirebaseFunctions in Frameworks */,
				C8A591D02D99AB2300CB8195 /* FirebasePerformance in Frameworks */,
				C8A591D62D99AB2300CB8195 /* FirebaseStorageCombine-Community in Frameworks */,
				C8A591D22D99AB2300CB8195 /* FirebaseRemoteConfig in Frameworks */,
				C8A591BC2D99AB2300CB8195 /* FirebaseDatabase in Frameworks */,
				C8A591BE2D99AB2300CB8195 /* FirebaseDynamicLinks in Frameworks */,
				C8A591B02D99AB2300CB8195 /* FirebaseAppCheck in Frameworks */,
				C8A591B42D99AB2300CB8195 /* FirebaseAuth in Frameworks */,
				C8A591AA2D99AB2300CB8195 /* FirebaseAnalytics in Frameworks */,
				C8A591C02D99AB2300CB8195 /* FirebaseFirestore in Frameworks */,
				C8A591CE2D99AB2300CB8195 /* FirebaseMessaging in Frameworks */,
				C8A591CA2D99AB2300CB8195 /* FirebaseInstallations in Frameworks */,
				C8A591C62D99AB2300CB8195 /* FirebaseFunctionsCombine-Community in Frameworks */,
				C8A591B22D99AB2300CB8195 /* FirebaseAppDistribution-Beta in Frameworks */,
				C8A591AE2D99AB2300CB8195 /* FirebaseAnalyticsWithoutAdIdSupport in Frameworks */,
				C8A591C82D99AB2300CB8195 /* FirebaseInAppMessaging-Beta in Frameworks */,
				C8A591B62D99AB2300CB8195 /* FirebaseAuthCombine-Community in Frameworks */,
				C8A591BA2D99AB2300CB8195 /* FirebaseCrashlytics in Frameworks */,
				C8A591CC2D99AB2300CB8195 /* FirebaseMLModelDownloader in Frameworks */,
				C8A591D42D99AB2300CB8195 /* FirebaseStorage in Frameworks */,
				C8A591B82D99AB2300CB8195 /* FirebaseCore in Frameworks */,
				C8A591AC2D99AB2300CB8195 /* FirebaseAnalyticsOnDeviceConversion in Frameworks */,
			);
			runOnlyForDeploymentPostprocessing = 0;
		};
		C8A58FDC2D996C3A00CB8195 /* Frameworks */ = {
			isa = PBXFrameworksBuildPhase;
			buildActionMask = 2147483647;
			files = (
			);
			runOnlyForDeploymentPostprocessing = 0;
		};
		C8A58FE62D996C3A00CB8195 /* Frameworks */ = {
			isa = PBXFrameworksBuildPhase;
			buildActionMask = 2147483647;
			files = (
			);
			runOnlyForDeploymentPostprocessing = 0;
		};
/* End PBXFrameworksBuildPhase section */

/* Begin PBXGroup section */
		C8A58FC42D996C3900CB8195 = {
			isa = PBXGroup;
			children = (
				C84F263F2DDF23C300E1D280 /* Files */,
				C8A58FFD2D996CB400CB8195 /* Features */,
				C8A58FFC2D996C9F00CB8195 /* Root */,
				C8A58FCF2D996C3900CB8195 /* Aura_iOS */,
				C8A58FE22D996C3A00CB8195 /* Aura_iOSTests */,
				C8A58FEC2D996C3A00CB8195 /* Aura_iOSUITests */,
				C8A58FCE2D996C3900CB8195 /* Products */,
			);
			sourceTree = "<group>";
		};
		C8A58FCE2D996C3900CB8195 /* Products */ = {
			isa = PBXGroup;
			children = (
				C8A58FCD2D996C3900CB8195 /* Aura_iOS.app */,
				C8A58FDF2D996C3A00CB8195 /* Aura_iOSTests.xctest */,
				C8A58FE92D996C3A00CB8195 /* Aura_iOSUITests.xctest */,
			);
			name = Products;
			sourceTree = "<group>";
		};
/* End PBXGroup section */

/* Begin PBXNativeTarget section */
		C8A58FCC2D996C3900CB8195 /* Aura_iOS */ = {
			isa = PBXNativeTarget;
			buildConfigurationList = C8A58FF32D996C3A00CB8195 /* Build configuration list for PBXNativeTarget "Aura_iOS" */;
			buildPhases = (
				C8A58FC92D996C3900CB8195 /* Sources */,
				C8A58FCA2D996C3900CB8195 /* Frameworks */,
				C8A58FCB2D996C3900CB8195 /* Resources */,
			);
			buildRules = (
			);
			dependencies = (
			);
			fileSystemSynchronizedGroups = (
				C84F263F2DDF23C300E1D280 /* Files */,
				C8A58FCF2D996C3900CB8195 /* Aura_iOS */,
				C8A58FFC2D996C9F00CB8195 /* Root */,
				C8A58FFD2D996CB400CB8195 /* Features */,
			);
			name = Aura_iOS;
			packageProductDependencies = (
				C8A591A92D99AB2300CB8195 /* FirebaseAnalytics */,
				C8A591AB2D99AB2300CB8195 /* FirebaseAnalyticsOnDeviceConversion */,
				C8A591AD2D99AB2300CB8195 /* FirebaseAnalyticsWithoutAdIdSupport */,
				C8A591AF2D99AB2300CB8195 /* FirebaseAppCheck */,
				C8A591B12D99AB2300CB8195 /* FirebaseAppDistribution-Beta */,
				C8A591B32D99AB2300CB8195 /* FirebaseAuth */,
				C8A591B52D99AB2300CB8195 /* FirebaseAuthCombine-Community */,
				C8A591B72D99AB2300CB8195 /* FirebaseCore */,
				C8A591B92D99AB2300CB8195 /* FirebaseCrashlytics */,
				C8A591BB2D99AB2300CB8195 /* FirebaseDatabase */,
				C8A591BD2D99AB2300CB8195 /* FirebaseDynamicLinks */,
				C8A591BF2D99AB2300CB8195 /* FirebaseFirestore */,
				C8A591C12D99AB2300CB8195 /* FirebaseFirestoreCombine-Community */,
				C8A591C32D99AB2300CB8195 /* FirebaseFunctions */,
				C8A591C52D99AB2300CB8195 /* FirebaseFunctionsCombine-Community */,
				C8A591C72D99AB2300CB8195 /* FirebaseInAppMessaging-Beta */,
				C8A591C92D99AB2300CB8195 /* FirebaseInstallations */,
				C8A591CB2D99AB2300CB8195 /* FirebaseMLModelDownloader */,
				C8A591CD2D99AB2300CB8195 /* FirebaseMessaging */,
				C8A591CF2D99AB2300CB8195 /* FirebasePerformance */,
				C8A591D12D99AB2300CB8195 /* FirebaseRemoteConfig */,
				C8A591D32D99AB2300CB8195 /* FirebaseStorage */,
				C8A591D52D99AB2300CB8195 /* FirebaseStorageCombine-Community */,
				C8A591D72D99AB2300CB8195 /* FirebaseVertexAI */,
			);
			productName = Aura_iOS;
			productReference = C8A58FCD2D996C3900CB8195 /* Aura_iOS.app */;
			productType = "com.apple.product-type.application";
		};
		C8A58FDE2D996C3A00CB8195 /* Aura_iOSTests */ = {
			isa = PBXNativeTarget;
			buildConfigurationList = C8A58FF62D996C3A00CB8195 /* Build configuration list for PBXNativeTarget "Aura_iOSTests" */;
			buildPhases = (
				C8A58FDB2D996C3A00CB8195 /* Sources */,
				C8A58FDC2D996C3A00CB8195 /* Frameworks */,
				C8A58FDD2D996C3A00CB8195 /* Resources */,
			);
			buildRules = (
			);
			dependencies = (
				C8A58FE12D996C3A00CB8195 /* PBXTargetDependency */,
			);
			fileSystemSynchronizedGroups = (
				C8A58FE22D996C3A00CB8195 /* Aura_iOSTests */,
			);
			name = Aura_iOSTests;
			packageProductDependencies = (
			);
			productName = Aura_iOSTests;
			productReference = C8A58FDF2D996C3A00CB8195 /* Aura_iOSTests.xctest */;
			productType = "com.apple.product-type.bundle.unit-test";
		};
		C8A58FE82D996C3A00CB8195 /* Aura_iOSUITests */ = {
			isa = PBXNativeTarget;
			buildConfigurationList = C8A58FF92D996C3A00CB8195 /* Build configuration list for PBXNativeTarget "Aura_iOSUITests" */;
			buildPhases = (
				C8A58FE52D996C3A00CB8195 /* Sources */,
				C8A58FE62D996C3A00CB8195 /* Frameworks */,
				C8A58FE72D996C3A00CB8195 /* Resources */,
			);
			buildRules = (
			);
			dependencies = (
				C8A58FEB2D996C3A00CB8195 /* PBXTargetDependency */,
			);
			fileSystemSynchronizedGroups = (
				C8A58FEC2D996C3A00CB8195 /* Aura_iOSUITests */,
			);
			name = Aura_iOSUITests;
			packageProductDependencies = (
			);
			productName = Aura_iOSUITests;
			productReference = C8A58FE92D996C3A00CB8195 /* Aura_iOSUITests.xctest */;
			productType = "com.apple.product-type.bundle.ui-testing";
		};
/* End PBXNativeTarget section */

/* Begin PBXProject section */
		C8A58FC52D996C3900CB8195 /* Project object */ = {
			isa = PBXProject;
			attributes = {
				BuildIndependentTargetsInParallel = 1;
				LastSwiftUpdateCheck = 1620;
				LastUpgradeCheck = 1620;
				TargetAttributes = {
					C8A58FCC2D996C3900CB8195 = {
						CreatedOnToolsVersion = 16.2;
					};
					C8A58FDE2D996C3A00CB8195 = {
						CreatedOnToolsVersion = 16.2;
						TestTargetID = C8A58FCC2D996C3900CB8195;
					};
					C8A58FE82D996C3A00CB8195 = {
						CreatedOnToolsVersion = 16.2;
						TestTargetID = C8A58FCC2D996C3900CB8195;
					};
				};
			};
			buildConfigurationList = C8A58FC82D996C3900CB8195 /* Build configuration list for PBXProject "Aura_iOS" */;
			developmentRegion = en;
			hasScannedForEncodings = 0;
			knownRegions = (
				en,
				Base,
			);
			mainGroup = C8A58FC42D996C3900CB8195;
			minimizedProjectReferenceProxies = 1;
			packageReferences = (
				C8A591A82D99AB2300CB8195 /* XCRemoteSwiftPackageReference "firebase-ios-sdk" */,
			);
			preferredProjectObjectVersion = 77;
			productRefGroup = C8A58FCE2D996C3900CB8195 /* Products */;
			projectDirPath = "";
			projectRoot = "";
			targets = (
				C8A58FCC2D996C3900CB8195 /* Aura_iOS */,
				C8A58FDE2D996C3A00CB8195 /* Aura_iOSTests */,
				C8A58FE82D996C3A00CB8195 /* Aura_iOSUITests */,
			);
		};
/* End PBXProject section */

/* Begin PBXResourcesBuildPhase section */
		C8A58FCB2D996C3900CB8195 /* Resources */ = {
			isa = PBXResourcesBuildPhase;
			buildActionMask = 2147483647;
			files = (
			);
			runOnlyForDeploymentPostprocessing = 0;
		};
		C8A58FDD2D996C3A00CB8195 /* Resources */ = {
			isa = PBXResourcesBuildPhase;
			buildActionMask = 2147483647;
			files = (
			);
			runOnlyForDeploymentPostprocessing = 0;
		};
		C8A58FE72D996C3A00CB8195 /* Resources */ = {
			isa = PBXResourcesBuildPhase;
			buildActionMask = 2147483647;
			files = (
			);
			runOnlyForDeploymentPostprocessing = 0;
		};
/* End PBXResourcesBuildPhase section */

/* Begin PBXSourcesBuildPhase section */
		C8A58FC92D996C3900CB8195 /* Sources */ = {
			isa = PBXSourcesBuildPhase;
			buildActionMask = 2147483647;
			files = (
			);
			runOnlyForDeploymentPostprocessing = 0;
		};
		C8A58FDB2D996C3A00CB8195 /* Sources */ = {
			isa = PBXSourcesBuildPhase;
			buildActionMask = 2147483647;
			files = (
			);
			runOnlyForDeploymentPostprocessing = 0;
		};
		C8A58FE52D996C3A00CB8195 /* Sources */ = {
			isa = PBXSourcesBuildPhase;
			buildActionMask = 2147483647;
			files = (
			);
			runOnlyForDeploymentPostprocessing = 0;
		};
/* End PBXSourcesBuildPhase section */

/* Begin PBXTargetDependency section */
		C8A58FE12D996C3A00CB8195 /* PBXTargetDependency */ = {
			isa = PBXTargetDependency;
			target = C8A58FCC2D996C3900CB8195 /* Aura_iOS */;
			targetProxy = C8A58FE02D996C3A00CB8195 /* PBXContainerItemProxy */;
		};
		C8A58FEB2D996C3A00CB8195 /* PBXTargetDependency */ = {
			isa = PBXTargetDependency;
			target = C8A58FCC2D996C3900CB8195 /* Aura_iOS */;
			targetProxy = C8A58FEA2D996C3A00CB8195 /* PBXContainerItemProxy */;
		};
/* End PBXTargetDependency section */

/* Begin XCBuildConfiguration section */
		C8A58FF12D996C3A00CB8195 /* Debug */ = {
			isa = XCBuildConfiguration;
			buildSettings = {
				ALWAYS_SEARCH_USER_PATHS = NO;
				ASSETCATALOG_COMPILER_GENERATE_SWIFT_ASSET_SYMBOL_EXTENSIONS = YES;
				CLANG_ANALYZER_NONNULL = YES;
				CLANG_ANALYZER_NUMBER_OBJECT_CONVERSION = YES_AGGRESSIVE;
				CLANG_CXX_LANGUAGE_STANDARD = "gnu++20";
				CLANG_ENABLE_MODULES = YES;
				CLANG_ENABLE_OBJC_ARC = YES;
				CLANG_ENABLE_OBJC_WEAK = YES;
				CLANG_WARN_BLOCK_CAPTURE_AUTORELEASING = YES;
				CLANG_WARN_BOOL_CONVERSION = YES;
				CLANG_WARN_COMMA = YES;
				CLANG_WARN_CONSTANT_CONVERSION = YES;
				CLANG_WARN_DEPRECATED_OBJC_IMPLEMENTATIONS = YES;
				CLANG_WARN_DIRECT_OBJC_ISA_USAGE = YES_ERROR;
				CLANG_WARN_DOCUMENTATION_COMMENTS = YES;
				CLANG_WARN_EMPTY_BODY = YES;
				CLANG_WARN_ENUM_CONVERSION = YES;
				CLANG_WARN_INFINITE_RECURSION = YES;
				CLANG_WARN_INT_CONVERSION = YES;
				CLANG_WARN_NON_LITERAL_NULL_CONVERSION = YES;
				CLANG_WARN_OBJC_IMPLICIT_RETAIN_SELF = YES;
				CLANG_WARN_OBJC_LITERAL_CONVERSION = YES;
				CLANG_WARN_OBJC_ROOT_CLASS = YES_ERROR;
				CLANG_WARN_QUOTED_INCLUDE_IN_FRAMEWORK_HEADER = YES;
				CLANG_WARN_RANGE_LOOP_ANALYSIS = YES;
				CLANG_WARN_STRICT_PROTOTYPES = YES;
				CLANG_WARN_SUSPICIOUS_MOVE = YES;
				CLANG_WARN_UNGUARDED_AVAILABILITY = YES_AGGRESSIVE;
				CLANG_WARN_UNREACHABLE_CODE = YES;
				CLANG_WARN__DUPLICATE_METHOD_MATCH = YES;
				COPY_PHASE_STRIP = NO;
				DEBUG_INFORMATION_FORMAT = dwarf;
				ENABLE_STRICT_OBJC_MSGSEND = YES;
				ENABLE_TESTABILITY = YES;
				ENABLE_USER_SCRIPT_SANDBOXING = YES;
				GCC_C_LANGUAGE_STANDARD = gnu17;
				GCC_DYNAMIC_NO_PIC = NO;
				GCC_NO_COMMON_BLOCKS = YES;
				GCC_OPTIMIZATION_LEVEL = 0;
				GCC_PREPROCESSOR_DEFINITIONS = (
					"DEBUG=1",
					"$(inherited)",
				);
				GCC_WARN_64_TO_32_BIT_CONVERSION = YES;
				GCC_WARN_ABOUT_RETURN_TYPE = YES_ERROR;
				GCC_WARN_UNDECLARED_SELECTOR = YES;
				GCC_WARN_UNINITIALIZED_AUTOS = YES_AGGRESSIVE;
				GCC_WARN_UNUSED_FUNCTION = YES;
				GCC_WARN_UNUSED_VARIABLE = YES;
				IPHONEOS_DEPLOYMENT_TARGET = 18.2;
				LOCALIZATION_PREFERS_STRING_CATALOGS = YES;
				MTL_ENABLE_DEBUG_INFO = INCLUDE_SOURCE;
				MTL_FAST_MATH = YES;
				ONLY_ACTIVE_ARCH = YES;
				SDKROOT = iphoneos;
				SWIFT_ACTIVE_COMPILATION_CONDITIONS = "DEBUG $(inherited)";
				SWIFT_OPTIMIZATION_LEVEL = "-Onone";
			};
			name = Debug;
		};
		C8A58FF22D996C3A00CB8195 /* Release */ = {
			isa = XCBuildConfiguration;
			buildSettings = {
				ALWAYS_SEARCH_USER_PATHS = NO;
				ASSETCATALOG_COMPILER_GENERATE_SWIFT_ASSET_SYMBOL_EXTENSIONS = YES;
				CLANG_ANALYZER_NONNULL = YES;
				CLANG_ANALYZER_NUMBER_OBJECT_CONVERSION = YES_AGGRESSIVE;
				CLANG_CXX_LANGUAGE_STANDARD = "gnu++20";
				CLANG_ENABLE_MODULES = YES;
				CLANG_ENABLE_OBJC_ARC = YES;
				CLANG_ENABLE_OBJC_WEAK = YES;
				CLANG_WARN_BLOCK_CAPTURE_AUTORELEASING = YES;
				CLANG_WARN_BOOL_CONVERSION = YES;
				CLANG_WARN_COMMA = YES;
				CLANG_WARN_CONSTANT_CONVERSION = YES;
				CLANG_WARN_DEPRECATED_OBJC_IMPLEMENTATIONS = YES;
				CLANG_WARN_DIRECT_OBJC_ISA_USAGE = YES_ERROR;
				CLANG_WARN_DOCUMENTATION_COMMENTS = YES;
				CLANG_WARN_EMPTY_BODY = YES;
				CLANG_WARN_ENUM_CONVERSION = YES;
				CLANG_WARN_INFINITE_RECURSION = YES;
				CLANG_WARN_INT_CONVERSION = YES;
				CLANG_WARN_NON_LITERAL_NULL_CONVERSION = YES;
				CLANG_WARN_OBJC_IMPLICIT_RETAIN_SELF = YES;
				CLANG_WARN_OBJC_LITERAL_CONVERSION = YES;
				CLANG_WARN_OBJC_ROOT_CLASS = YES_ERROR;
				CLANG_WARN_QUOTED_INCLUDE_IN_FRAMEWORK_HEADER = YES;
				CLANG_WARN_RANGE_LOOP_ANALYSIS = YES;
				CLANG_WARN_STRICT_PROTOTYPES = YES;
				CLANG_WARN_SUSPICIOUS_MOVE = YES;
				CLANG_WARN_UNGUARDED_AVAILABILITY = YES_AGGRESSIVE;
				CLANG_WARN_UNREACHABLE_CODE = YES;
				CLANG_WARN__DUPLICATE_METHOD_MATCH = YES;
				COPY_PHASE_STRIP = NO;
				DEBUG_INFORMATION_FORMAT = "dwarf-with-dsym";
				ENABLE_NS_ASSERTIONS = NO;
				ENABLE_STRICT_OBJC_MSGSEND = YES;
				ENABLE_USER_SCRIPT_SANDBOXING = YES;
				GCC_C_LANGUAGE_STANDARD = gnu17;
				GCC_NO_COMMON_BLOCKS = YES;
				GCC_WARN_64_TO_32_BIT_CONVERSION = YES;
				GCC_WARN_ABOUT_RETURN_TYPE = YES_ERROR;
				GCC_WARN_UNDECLARED_SELECTOR = YES;
				GCC_WARN_UNINITIALIZED_AUTOS = YES_AGGRESSIVE;
				GCC_WARN_UNUSED_FUNCTION = YES;
				GCC_WARN_UNUSED_VARIABLE = YES;
				IPHONEOS_DEPLOYMENT_TARGET = 18.2;
				LOCALIZATION_PREFERS_STRING_CATALOGS = YES;
				MTL_ENABLE_DEBUG_INFO = NO;
				MTL_FAST_MATH = YES;
				SDKROOT = iphoneos;
				SWIFT_COMPILATION_MODE = wholemodule;
				VALIDATE_PRODUCT = YES;
			};
			name = Release;
		};
		C8A58FF42D996C3A00CB8195 /* Debug */ = {
			isa = XCBuildConfiguration;
			buildSettings = {
				ASSETCATALOG_COMPILER_APPICON_NAME = AppIcon;
				ASSETCATALOG_COMPILER_GLOBAL_ACCENT_COLOR_NAME = AccentColor;
				CODE_SIGN_STYLE = Automatic;
				CURRENT_PROJECT_VERSION = 1;
				DEVELOPMENT_ASSET_PATHS = "\"Aura_iOS/Preview Content\"";
				DEVELOPMENT_TEAM = H7C875HHS6;
				ENABLE_PREVIEWS = YES;
				GENERATE_INFOPLIST_FILE = YES;
				INFOPLIST_KEY_UIApplicationSceneManifest_Generation = YES;
				INFOPLIST_KEY_UIApplicationSupportsIndirectInputEvents = YES;
				INFOPLIST_KEY_UILaunchScreen_Generation = YES;
				INFOPLIST_KEY_UISupportedInterfaceOrientations_iPad = "UIInterfaceOrientationPortrait UIInterfaceOrientationPortraitUpsideDown UIInterfaceOrientationLandscapeLeft UIInterfaceOrientationLandscapeRight";
				INFOPLIST_KEY_UISupportedInterfaceOrientations_iPhone = "UIInterfaceOrientationPortrait UIInterfaceOrientationLandscapeLeft UIInterfaceOrientationLandscapeRight";
				LD_RUNPATH_SEARCH_PATHS = (
					"$(inherited)",
					"@executable_path/Frameworks",
				);
				MARKETING_VERSION = 1.0;
				PRODUCT_BUNDLE_IDENTIFIER = "com.genesis.MHT.Aura-iOS";
				PRODUCT_NAME = "$(TARGET_NAME)";
				SWIFT_EMIT_LOC_STRINGS = YES;
				SWIFT_VERSION = 5.0;
				TARGETED_DEVICE_FAMILY = "1,2";
			};
			name = Debug;
		};
		C8A58FF52D996C3A00CB8195 /* Release */ = {
			isa = XCBuildConfiguration;
			buildSettings = {
				ASSETCATALOG_COMPILER_APPICON_NAME = AppIcon;
				ASSETCATALOG_COMPILER_GLOBAL_ACCENT_COLOR_NAME = AccentColor;
				CODE_SIGN_STYLE = Automatic;
				CURRENT_PROJECT_VERSION = 1;
				DEVELOPMENT_ASSET_PATHS = "\"Aura_iOS/Preview Content\"";
				DEVELOPMENT_TEAM = H7C875HHS6;
				ENABLE_PREVIEWS = YES;
				GENERATE_INFOPLIST_FILE = YES;
				INFOPLIST_KEY_UIApplicationSceneManifest_Generation = YES;
				INFOPLIST_KEY_UIApplicationSupportsIndirectInputEvents = YES;
				INFOPLIST_KEY_UILaunchScreen_Generation = YES;
				INFOPLIST_KEY_UISupportedInterfaceOrientations_iPad = "UIInterfaceOrientationPortrait UIInterfaceOrientationPortraitUpsideDown UIInterfaceOrientationLandscapeLeft UIInterfaceOrientationLandscapeRight";
				INFOPLIST_KEY_UISupportedInterfaceOrientations_iPhone = "UIInterfaceOrientationPortrait UIInterfaceOrientationLandscapeLeft UIInterfaceOrientationLandscapeRight";
				LD_RUNPATH_SEARCH_PATHS = (
					"$(inherited)",
					"@executable_path/Frameworks",
				);
				MARKETING_VERSION = 1.0;
				PRODUCT_BUNDLE_IDENTIFIER = "com.genesis.MHT.Aura-iOS";
				PRODUCT_NAME = "$(TARGET_NAME)";
				SWIFT_EMIT_LOC_STRINGS = YES;
				SWIFT_VERSION = 5.0;
				TARGETED_DEVICE_FAMILY = "1,2";
			};
			name = Release;
		};
		C8A58FF72D996C3A00CB8195 /* Debug */ = {
			isa = XCBuildConfiguration;
			buildSettings = {
				BUNDLE_LOADER = "$(TEST_HOST)";
				CODE_SIGN_STYLE = Automatic;
				CURRENT_PROJECT_VERSION = 1;
				DEVELOPMENT_TEAM = H7C875HHS6;
				GENERATE_INFOPLIST_FILE = YES;
				IPHONEOS_DEPLOYMENT_TARGET = 18.2;
				MARKETING_VERSION = 1.0;
				PRODUCT_BUNDLE_IDENTIFIER = "com.genesis.MHT.Aura-iOSTests";
				PRODUCT_NAME = "$(TARGET_NAME)";
				SWIFT_EMIT_LOC_STRINGS = NO;
				SWIFT_VERSION = 5.0;
				TARGETED_DEVICE_FAMILY = "1,2";
				TEST_HOST = "$(BUILT_PRODUCTS_DIR)/Aura_iOS.app/$(BUNDLE_EXECUTABLE_FOLDER_PATH)/Aura_iOS";
			};
			name = Debug;
		};
		C8A58FF82D996C3A00CB8195 /* Release */ = {
			isa = XCBuildConfiguration;
			buildSettings = {
				BUNDLE_LOADER = "$(TEST_HOST)";
				CODE_SIGN_STYLE = Automatic;
				CURRENT_PROJECT_VERSION = 1;
				DEVELOPMENT_TEAM = H7C875HHS6;
				GENERATE_INFOPLIST_FILE = YES;
				IPHONEOS_DEPLOYMENT_TARGET = 18.2;
				MARKETING_VERSION = 1.0;
				PRODUCT_BUNDLE_IDENTIFIER = "com.genesis.MHT.Aura-iOSTests";
				PRODUCT_NAME = "$(TARGET_NAME)";
				SWIFT_EMIT_LOC_STRINGS = NO;
				SWIFT_VERSION = 5.0;
				TARGETED_DEVICE_FAMILY = "1,2";
				TEST_HOST = "$(BUILT_PRODUCTS_DIR)/Aura_iOS.app/$(BUNDLE_EXECUTABLE_FOLDER_PATH)/Aura_iOS";
			};
			name = Release;
		};
		C8A58FFA2D996C3A00CB8195 /* Debug */ = {
			isa = XCBuildConfiguration;
			buildSettings = {
				CODE_SIGN_STYLE = Automatic;
				CURRENT_PROJECT_VERSION = 1;
				DEVELOPMENT_TEAM = H7C875HHS6;
				GENERATE_INFOPLIST_FILE = YES;
				MARKETING_VERSION = 1.0;
				PRODUCT_BUNDLE_IDENTIFIER = "com.genesis.MHT.Aura-iOSUITests";
				PRODUCT_NAME = "$(TARGET_NAME)";
				SWIFT_EMIT_LOC_STRINGS = NO;
				SWIFT_VERSION = 5.0;
				TARGETED_DEVICE_FAMILY = "1,2";
				TEST_TARGET_NAME = Aura_iOS;
			};
			name = Debug;
		};
		C8A58FFB2D996C3A00CB8195 /* Release */ = {
			isa = XCBuildConfiguration;
			buildSettings = {
				CODE_SIGN_STYLE = Automatic;
				CURRENT_PROJECT_VERSION = 1;
				DEVELOPMENT_TEAM = H7C875HHS6;
				GENERATE_INFOPLIST_FILE = YES;
				MARKETING_VERSION = 1.0;
				PRODUCT_BUNDLE_IDENTIFIER = "com.genesis.MHT.Aura-iOSUITests";
				PRODUCT_NAME = "$(TARGET_NAME)";
				SWIFT_EMIT_LOC_STRINGS = NO;
				SWIFT_VERSION = 5.0;
				TARGETED_DEVICE_FAMILY = "1,2";
				TEST_TARGET_NAME = Aura_iOS;
			};
			name = Release;
		};
/* End XCBuildConfiguration section */

/* Begin XCConfigurationList section */
		C8A58FC82D996C3900CB8195 /* Build configuration list for PBXProject "Aura_iOS" */ = {
			isa = XCConfigurationList;
			buildConfigurations = (
				C8A58FF12D996C3A00CB8195 /* Debug */,
				C8A58FF22D996C3A00CB8195 /* Release */,
			);
			defaultConfigurationIsVisible = 0;
			defaultConfigurationName = Release;
		};
		C8A58FF32D996C3A00CB8195 /* Build configuration list for PBXNativeTarget "Aura_iOS" */ = {
			isa = XCConfigurationList;
			buildConfigurations = (
				C8A58FF42D996C3A00CB8195 /* Debug */,
				C8A58FF52D996C3A00CB8195 /* Release */,
			);
			defaultConfigurationIsVisible = 0;
			defaultConfigurationName = Release;
		};
		C8A58FF62D996C3A00CB8195 /* Build configuration list for PBXNativeTarget "Aura_iOSTests" */ = {
			isa = XCConfigurationList;
			buildConfigurations = (
				C8A58FF72D996C3A00CB8195 /* Debug */,
				C8A58FF82D996C3A00CB8195 /* Release */,
			);
			defaultConfigurationIsVisible = 0;
			defaultConfigurationName = Release;
		};
		C8A58FF92D996C3A00CB8195 /* Build configuration list for PBXNativeTarget "Aura_iOSUITests" */ = {
			isa = XCConfigurationList;
			buildConfigurations = (
				C8A58FFA2D996C3A00CB8195 /* Debug */,
				C8A58FFB2D996C3A00CB8195 /* Release */,
			);
			defaultConfigurationIsVisible = 0;
			defaultConfigurationName = Release;
		};
/* End XCConfigurationList section */

/* Begin XCRemoteSwiftPackageReference section */
		C8A591A82D99AB2300CB8195 /* XCRemoteSwiftPackageReference "firebase-ios-sdk" */ = {
			isa = XCRemoteSwiftPackageReference;
			repositoryURL = "https://github.com/firebase/firebase-ios-sdk";
			requirement = {
				kind = upToNextMajorVersion;
				minimumVersion = 11.10.0;
			};
		};
/* End XCRemoteSwiftPackageReference section */

/* Begin XCSwiftPackageProductDependency section */
		C8A591A92D99AB2300CB8195 /* FirebaseAnalytics */ = {
			isa = XCSwiftPackageProductDependency;
			package = C8A591A82D99AB2300CB8195 /* XCRemoteSwiftPackageReference "firebase-ios-sdk" */;
			productName = FirebaseAnalytics;
		};
		C8A591AB2D99AB2300CB8195 /* FirebaseAnalyticsOnDeviceConversion */ = {
			isa = XCSwiftPackageProductDependency;
			package = C8A591A82D99AB2300CB8195 /* XCRemoteSwiftPackageReference "firebase-ios-sdk" */;
			productName = FirebaseAnalyticsOnDeviceConversion;
		};
		C8A591AD2D99AB2300CB8195 /* FirebaseAnalyticsWithoutAdIdSupport */ = {
			isa = XCSwiftPackageProductDependency;
			package = C8A591A82D99AB2300CB8195 /* XCRemoteSwiftPackageReference "firebase-ios-sdk" */;
			productName = FirebaseAnalyticsWithoutAdIdSupport;
		};
		C8A591AF2D99AB2300CB8195 /* FirebaseAppCheck */ = {
			isa = XCSwiftPackageProductDependency;
			package = C8A591A82D99AB2300CB8195 /* XCRemoteSwiftPackageReference "firebase-ios-sdk" */;
			productName = FirebaseAppCheck;
		};
		C8A591B12D99AB2300CB8195 /* FirebaseAppDistribution-Beta */ = {
			isa = XCSwiftPackageProductDependency;
			package = C8A591A82D99AB2300CB8195 /* XCRemoteSwiftPackageReference "firebase-ios-sdk" */;
			productName = "FirebaseAppDistribution-Beta";
		};
		C8A591B32D99AB2300CB8195 /* FirebaseAuth */ = {
			isa = XCSwiftPackageProductDependency;
			package = C8A591A82D99AB2300CB8195 /* XCRemoteSwiftPackageReference "firebase-ios-sdk" */;
			productName = FirebaseAuth;
		};
		C8A591B52D99AB2300CB8195 /* FirebaseAuthCombine-Community */ = {
			isa = XCSwiftPackageProductDependency;
			package = C8A591A82D99AB2300CB8195 /* XCRemoteSwiftPackageReference "firebase-ios-sdk" */;
			productName = "FirebaseAuthCombine-Community";
		};
		C8A591B72D99AB2300CB8195 /* FirebaseCore */ = {
			isa = XCSwiftPackageProductDependency;
			package = C8A591A82D99AB2300CB8195 /* XCRemoteSwiftPackageReference "firebase-ios-sdk" */;
			productName = FirebaseCore;
		};
		C8A591B92D99AB2300CB8195 /* FirebaseCrashlytics */ = {
			isa = XCSwiftPackageProductDependency;
			package = C8A591A82D99AB2300CB8195 /* XCRemoteSwiftPackageReference "firebase-ios-sdk" */;
			productName = FirebaseCrashlytics;
		};
		C8A591BB2D99AB2300CB8195 /* FirebaseDatabase */ = {
			isa = XCSwiftPackageProductDependency;
			package = C8A591A82D99AB2300CB8195 /* XCRemoteSwiftPackageReference "firebase-ios-sdk" */;
			productName = FirebaseDatabase;
		};
		C8A591BD2D99AB2300CB8195 /* FirebaseDynamicLinks */ = {
			isa = XCSwiftPackageProductDependency;
			package = C8A591A82D99AB2300CB8195 /* XCRemoteSwiftPackageReference "firebase-ios-sdk" */;
			productName = FirebaseDynamicLinks;
		};
		C8A591BF2D99AB2300CB8195 /* FirebaseFirestore */ = {
			isa = XCSwiftPackageProductDependency;
			package = C8A591A82D99AB2300CB8195 /* XCRemoteSwiftPackageReference "firebase-ios-sdk" */;
			productName = FirebaseFirestore;
		};
		C8A591C12D99AB2300CB8195 /* FirebaseFirestoreCombine-Community */ = {
			isa = XCSwiftPackageProductDependency;
			package = C8A591A82D99AB2300CB8195 /* XCRemoteSwiftPackageReference "firebase-ios-sdk" */;
			productName = "FirebaseFirestoreCombine-Community";
		};
		C8A591C32D99AB2300CB8195 /* FirebaseFunctions */ = {
			isa = XCSwiftPackageProductDependency;
			package = C8A591A82D99AB2300CB8195 /* XCRemoteSwiftPackageReference "firebase-ios-sdk" */;
			productName = FirebaseFunctions;
		};
		C8A591C52D99AB2300CB8195 /* FirebaseFunctionsCombine-Community */ = {
			isa = XCSwiftPackageProductDependency;
			package = C8A591A82D99AB2300CB8195 /* XCRemoteSwiftPackageReference "firebase-ios-sdk" */;
			productName = "FirebaseFunctionsCombine-Community";
		};
		C8A591C72D99AB2300CB8195 /* FirebaseInAppMessaging-Beta */ = {
			isa = XCSwiftPackageProductDependency;
			package = C8A591A82D99AB2300CB8195 /* XCRemoteSwiftPackageReference "firebase-ios-sdk" */;
			productName = "FirebaseInAppMessaging-Beta";
		};
		C8A591C92D99AB2300CB8195 /* FirebaseInstallations */ = {
			isa = XCSwiftPackageProductDependency;
			package = C8A591A82D99AB2300CB8195 /* XCRemoteSwiftPackageReference "firebase-ios-sdk" */;
			productName = FirebaseInstallations;
		};
		C8A591CB2D99AB2300CB8195 /* FirebaseMLModelDownloader */ = {
			isa = XCSwiftPackageProductDependency;
			package = C8A591A82D99AB2300CB8195 /* XCRemoteSwiftPackageReference "firebase-ios-sdk" */;
			productName = FirebaseMLModelDownloader;
		};
		C8A591CD2D99AB2300CB8195 /* FirebaseMessaging */ = {
			isa = XCSwiftPackageProductDependency;
			package = C8A591A82D99AB2300CB8195 /* XCRemoteSwiftPackageReference "firebase-ios-sdk" */;
			productName = FirebaseMessaging;
		};
		C8A591CF2D99AB2300CB8195 /* FirebasePerformance */ = {
			isa = XCSwiftPackageProductDependency;
			package = C8A591A82D99AB2300CB8195 /* XCRemoteSwiftPackageReference "firebase-ios-sdk" */;
			productName = FirebasePerformance;
		};
		C8A591D12D99AB2300CB8195 /* FirebaseRemoteConfig */ = {
			isa = XCSwiftPackageProductDependency;
			package = C8A591A82D99AB2300CB8195 /* XCRemoteSwiftPackageReference "firebase-ios-sdk" */;
			productName = FirebaseRemoteConfig;
		};
		C8A591D32D99AB2300CB8195 /* FirebaseStorage */ = {
			isa = XCSwiftPackageProductDependency;
			package = C8A591A82D99AB2300CB8195 /* XCRemoteSwiftPackageReference "firebase-ios-sdk" */;
			productName = FirebaseStorage;
		};
		C8A591D52D99AB2300CB8195 /* FirebaseStorageCombine-Community */ = {
			isa = XCSwiftPackageProductDependency;
			package = C8A591A82D99AB2300CB8195 /* XCRemoteSwiftPackageReference "firebase-ios-sdk" */;
			productName = "FirebaseStorageCombine-Community";
		};
		C8A591D72D99AB2300CB8195 /* FirebaseVertexAI */ = {
			isa = XCSwiftPackageProductDependency;
			package = C8A591A82D99AB2300CB8195 /* XCRemoteSwiftPackageReference "firebase-ios-sdk" */;
			productName = FirebaseVertexAI;
		};
/* End XCSwiftPackageProductDependency section */
	};
	rootObject = C8A58FC52D996C3900CB8195 /* Project object */;
}
