// !$*UTF8*$!
{
	archiveVersion = 1;
	classes = {
	};
	objectVersion = 77;
	objects = {

/* Begin PBXContainerItemProxy section */
		C8A58FE02D996C3A00CB8195 /* PBXContainerItemProxy */ = {
			isa = PBXContainerItemProxy;
			containerPortal = C8A58FC52D996C3900CB8195 /* Project object */;
			proxyType = 1;
			remoteGlobalIDString = C8A58FCC2D996C3900CB8195;
			remoteInfo = Aura_iOS;
		};
		C8A58FEA2D996C3A00CB8195 /* PBXContainerItemProxy */ = {
			isa = PBXContainerItemProxy;
			containerPortal = C8A58FC52D996C3900CB8195 /* Project object */;
			proxyType = 1;
			remoteGlobalIDString = C8A58FCC2D996C3900CB8195;
			remoteInfo = Aura_iOS;
		};
/* End PBXContainerItemProxy section */

/* Begin PBXFileReference section */
		C8A58FCD2D996C3900CB8195 /* Aura_iOS.app */ = {isa = PBXFileReference; explicitFileType = wrapper.application; includeInIndex = 0; path = Aura_iOS.app; sourceTree = BUILT_PRODUCTS_DIR; };
		C8A58FDF2D996C3A00CB8195 /* Aura_iOSTests.xctest */ = {isa = PBXFileReference; explicitFileType = wrapper.cfbundle; includeInIndex = 0; path = Aura_iOSTests.xctest; sourceTree = BUILT_PRODUCTS_DIR; };
		C8A58FE92D996C3A00CB8195 /* Aura_iOSUITests.xctest */ = {isa = PBXFileReference; explicitFileType = wrapper.cfbundle; includeInIndex = 0; path = Aura_iOSUITests.xctest; sourceTree = BUILT_PRODUCTS_DIR; };
/* End PBXFileReference section */

/* Begin PBXFileSystemSynchronizedRootGroup section */
		C8A58FCF2D996C3900CB8195 /* Aura_iOS */ = {
			isa = PBXFileSystemSynchronizedRootGroup;
			path = Aura_iOS;
			sourceTree = "<group>";
		};
		C8A58FE22D996C3A00CB8195 /* Aura_iOSTests */ = {
			isa = PBXFileSystemSynchronizedRootGroup;
			path = Aura_iOSTests;
			sourceTree = "<group>";
		};
		C8A58FEC2D996C3A00CB8195 /* Aura_iOSUITests */ = {
			isa = PBXFileSystemSynchronizedRootGroup;
			path = Aura_iOSUITests;
			sourceTree = "<group>";
		};
/* End PBXFileSystemSynchronizedRootGroup section */

/* Begin PBXFrameworksBuildPhase section */
		C8A58FCA2D996C3900CB8195 /* Frameworks */ = {
			isa = PBXFrameworksBuildPhase;
			buildActionMask = 2147483647;
			files = (
			);
			runOnlyForDeploymentPostprocessing = 0;
		};
		C8A58FDC2D996C3A00CB8195 /* Frameworks */ = {
			isa = PBXFrameworksBuildPhase;
			buildActionMask = 2147483647;
			files = (
			);
			runOnlyForDeploymentPostprocessing = 0;
		};
		C8A58FE62D996C3A00CB8195 /* Frameworks */ = {
			isa = PBXFrameworksBuildPhase;
			buildActionMask = 2147483647;
			files = (
			);
			runOnlyForDeploymentPostprocessing = 0;
		};
/* End PBXFrameworksBuildPhase section */

/* Begin PBXGroup section */
		C8A58FC42D996C3900CB8195 = {
			isa = PBXGroup;
			children = (
				C8A58FCF2D996C3900CB8195 /* Aura_iOS */,
				C8A58FE22D996C3A00CB8195 /* Aura_iOSTests */,
				C8A58FEC2D996C3A00CB8195 /* Aura_iOSUITests */,
				C8A58FCE2D996C3900CB8195 /* Products */,
			);
			sourceTree = "<group>";
		};
		C8A58FCE2D996C3900CB8195 /* Products */ = {
			isa = PBXGroup;
			children = (
				C8A58FCD2D996C3900CB8195 /* Aura_iOS.app */,
				C8A58FDF2D996C3A00CB8195 /* Aura_iOSTests.xctest */,
				C8A58FE92D996C3A00CB8195 /* Aura_iOSUITests.xctest */,
			);
			name = Products;
			sourceTree = "<group>";
		};
/* End PBXGroup section */

/* Begin PBXNativeTarget section */
		C8A58FCC2D996C3900CB8195 /* Aura_iOS */ = {
			isa = PBXNativeTarget;
			buildConfigurationList = C8A58FF32D996C3A00CB8195 /* Build configuration list for PBXNativeTarget "Aura_iOS" */;
			buildPhases = (
				C8A58FC92D996C3900CB8195 /* Sources */,
				C8A58FCA2D996C3900CB8195 /* Frameworks */,
				C8A58FCB2D996C3900CB8195 /* Resources */,
			);
			buildRules = (
			);
			dependencies = (
			);
			fileSystemSynchronizedGroups = (
				C8A58FCF2D996C3900CB8195 /* Aura_iOS */,
			);
			name = Aura_iOS;
			packageProductDependencies = (
			);
			productName = Aura_iOS;
			productReference = C8A58FCD2D996C3900CB8195 /* Aura_iOS.app */;
			productType = "com.apple.product-type.application";
		};
		C8A58FDE2D996C3A00CB8195 /* Aura_iOSTests */ = {
			isa = PBXNativeTarget;
			buildConfigurationList = C8A58FF62D996C3A00CB8195 /* Build configuration list for PBXNativeTarget "Aura_iOSTests" */;
			buildPhases = (
				C8A58FDB2D996C3A00CB8195 /* Sources */,
				C8A58FDC2D996C3A00CB8195 /* Frameworks */,
				C8A58FDD2D996C3A00CB8195 /* Resources */,
			);
			buildRules = (
			);
			dependencies = (
				C8A58FE12D996C3A00CB8195 /* PBXTargetDependency */,
			);
			fileSystemSynchronizedGroups = (
				C8A58FE22D996C3A00CB8195 /* Aura_iOSTests */,
			);
			name = Aura_iOSTests;
			packageProductDependencies = (
			);
			productName = Aura_iOSTests;
			productReference = C8A58FDF2D996C3A00CB8195 /* Aura_iOSTests.xctest */;
			productType = "com.apple.product-type.bundle.unit-test";
		};
		C8A58FE82D996C3A00CB8195 /* Aura_iOSUITests */ = {
			isa = PBXNativeTarget;
			buildConfigurationList = C8A58FF92D996C3A00CB8195 /* Build configuration list for PBXNativeTarget "Aura_iOSUITests" */;
			buildPhases = (
				C8A58FE52D996C3A00CB8195 /* Sources */,
				C8A58FE62D996C3A00CB8195 /* Frameworks */,
				C8A58FE72D996C3A00CB8195 /* Resources */,
			);
			buildRules = (
			);
			dependencies = (
				C8A58FEB2D996C3A00CB8195 /* PBXTargetDependency */,
			);
			fileSystemSynchronizedGroups = (
				C8A58FEC2D996C3A00CB8195 /* Aura_iOSUITests */,
			);
			name = Aura_iOSUITests;
			packageProductDependencies = (
			);
			productName = Aura_iOSUITests;
			productReference = C8A58FE92D996C3A00CB8195 /* Aura_iOSUITests.xctest */;
			productType = "com.apple.product-type.bundle.ui-testing";
		};
/* End PBXNativeTarget section */

/* Begin PBXProject section */
		C8A58FC52D996C3900CB8195 /* Project object */ = {
			isa = PBXProject;
			attributes = {
				BuildIndependentTargetsInParallel = 1;
				LastSwiftUpdateCheck = 1620;
				LastUpgradeCheck = 1620;
				TargetAttributes = {
					C8A58FCC2D996C3900CB8195 = {
						CreatedOnToolsVersion = 16.2;
					};
					C8A58FDE2D996C3A00CB8195 = {
						CreatedOnToolsVersion = 16.2;
						TestTargetID = C8A58FCC2D996C3900CB8195;
					};
					C8A58FE82D996C3A00CB8195 = {
						CreatedOnToolsVersion = 16.2;
						TestTargetID = C8A58FCC2D996C3900CB8195;
					};
				};
			};
			buildConfigurationList = C8A58FC82D996C3900CB8195 /* Build configuration list for PBXProject "Aura_iOS" */;
			developmentRegion = en;
			hasScannedForEncodings = 0;
			knownRegions = (
				en,
				Base,
			);
			mainGroup = C8A58FC42D996C3900CB8195;
			minimizedProjectReferenceProxies = 1;
			preferredProjectObjectVersion = 77;
			productRefGroup = C8A58FCE2D996C3900CB8195 /* Products */;
			projectDirPath = "";
			projectRoot = "";
			targets = (
				C8A58FCC2D996C3900CB8195 /* Aura_iOS */,
				C8A58FDE2D996C3A00CB8195 /* Aura_iOSTests */,
				C8A58FE82D996C3A00CB8195 /* Aura_iOSUITests */,
			);
		};
/* End PBXProject section */

/* Begin PBXResourcesBuildPhase section */
		C8A58FCB2D996C3900CB8195 /* Resources */ = {
			isa = PBXResourcesBuildPhase;
			buildActionMask = 2147483647;
			files = (
			);
			runOnlyForDeploymentPostprocessing = 0;
		};
		C8A58FDD2D996C3A00CB8195 /* Resources */ = {
			isa = PBXResourcesBuildPhase;
			buildActionMask = 2147483647;
			files = (
			);
			runOnlyForDeploymentPostprocessing = 0;
		};
		C8A58FE72D996C3A00CB8195 /* Resources */ = {
			isa = PBXResourcesBuildPhase;
			buildActionMask = 2147483647;
			files = (
			);
			runOnlyForDeploymentPostprocessing = 0;
		};
/* End PBXResourcesBuildPhase section */

/* Begin PBXSourcesBuildPhase section */
		C8A58FC92D996C3900CB8195 /* Sources */ = {
			isa = PBXSourcesBuildPhase;
			buildActionMask = 2147483647;
			files = (
			);
			runOnlyForDeploymentPostprocessing = 0;
		};
		C8A58FDB2D996C3A00CB8195 /* Sources */ = {
			isa = PBXSourcesBuildPhase;
			buildActionMask = 2147483647;
			files = (
			);
			runOnlyForDeploymentPostprocessing = 0;
		};
		C8A58FE52D996C3A00CB8195 /* Sources */ = {
			isa = PBXSourcesBuildPhase;
			buildActionMask = 2147483647;
			files = (
			);
			runOnlyForDeploymentPostprocessing = 0;
		};
/* End PBXSourcesBuildPhase section */

/* Begin PBXTargetDependency section */
		C8A58FE12D996C3A00CB8195 /* PBXTargetDependency */ = {
			isa = PBXTargetDependency;
			target = C8A58FCC2D996C3900CB8195 /* Aura_iOS */;
			targetProxy = C8A58FE02D996C3A00CB8195 /* PBXContainerItemProxy */;
		};
		C8A58FEB2D996C3A00CB8195 /* PBXTargetDependency */ = {
			isa = PBXTargetDependency;
			target = C8A58FCC2D996C3900CB8195 /* Aura_iOS */;
			targetProxy = C8A58FEA2D996C3A00CB8195 /* PBXContainerItemProxy */;
		};
/* End PBXTargetDependency section */

/* Begin XCBuildConfiguration section */
		C8A58FF12D996C3A00CB8195 /* Debug */ = {
			isa = XCBuildConfiguration;
			buildSettings = {
				ALWAYS_SEARCH_USER_PATHS = NO;
				ASSETCATALOG_COMPILER_GENERATE_SWIFT_ASSET_SYMBOL_EXTENSIONS = YES;
				CLANG_ANALYZER_NONNULL = YES;
				CLANG_ANALYZER_NUMBER_OBJECT_CONVERSION = YES_AGGRESSIVE;
				CLANG_CXX_LANGUAGE_STANDARD = "gnu++20";
				CLANG_ENABLE_MODULES = YES;
				CLANG_ENABLE_OBJC_ARC = YES;
				CLANG_ENABLE_OBJC_WEAK = YES;
				CLANG_WARN_BLOCK_CAPTURE_AUTORELEASING = YES;
				CLANG_WARN_BOOL_CONVERSION = YES;
				CLANG_WARN_COMMA = YES;
				CLANG_WARN_CONSTANT_CONVERSION = YES;
				CLANG_WARN_DEPRECATED_OBJC_IMPLEMENTATIONS = YES;
				CLANG_WARN_DIRECT_OBJC_ISA_USAGE = YES_ERROR;
				CLANG_WARN_DOCUMENTATION_COMMENTS = YES;
				CLANG_WARN_EMPTY_BODY = YES;
				CLANG_WARN_ENUM_CONVERSION = YES;
				CLANG_WARN_INFINITE_RECURSION = YES;
				CLANG_WARN_INT_CONVERSION = YES;
				CLANG_WARN_NON_LITERAL_NULL_CONVERSION = YES;
				CLANG_WARN_OBJC_IMPLICIT_RETAIN_SELF = YES;
				CLANG_WARN_OBJC_LITERAL_CONVERSION = YES;
				CLANG_WARN_OBJC_ROOT_CLASS = YES_ERROR;
				CLANG_WARN_QUOTED_INCLUDE_IN_FRAMEWORK_HEADER = YES;
				CLANG_WARN_RANGE_LOOP_ANALYSIS = YES;
				CLANG_WARN_STRICT_PROTOTYPES = YES;
				CLANG_WARN_SUSPICIOUS_MOVE = YES;
				CLANG_WARN_UNGUARDED_AVAILABILITY = YES_AGGRESSIVE;
				CLANG_WARN_UNREACHABLE_CODE = YES;
				CLANG_WARN__DUPLICATE_METHOD_MATCH = YES;
				COPY_PHASE_STRIP = NO;
				DEBUG_INFORMATION_FORMAT = dwarf;
				ENABLE_STRICT_OBJC_MSGSEND = YES;
				ENABLE_TESTABILITY = YES;
				ENABLE_USER_SCRIPT_SANDBOXING = YES;
				GCC_C_LANGUAGE_STANDARD = gnu17;
				GCC_DYNAMIC_NO_PIC = NO;
				GCC_NO_COMMON_BLOCKS = YES;
				GCC_OPTIMIZATION_LEVEL = 0;
				GCC_PREPROCESSOR_DEFINITIONS = (
					"DEBUG=1",
					"$(inherited)",
				);
				GCC_WARN_64_TO_32_BIT_CONVERSION = YES;
				GCC_WARN_ABOUT_RETURN_TYPE = YES_ERROR;
				GCC_WARN_UNDECLARED_SELECTOR = YES;
				GCC_WARN_UNINITIALIZED_AUTOS = YES_AGGRESSIVE;
				GCC_WARN_UNUSED_FUNCTION = YES;
				GCC_WARN_UNUSED_VARIABLE = YES;
				IPHONEOS_DEPLOYMENT_TARGET = 18.2;
				LOCALIZATION_PREFERS_STRING_CATALOGS = YES;
				MTL_ENABLE_DEBUG_INFO = INCLUDE_SOURCE;
				MTL_FAST_MATH = YES;
				ONLY_ACTIVE_ARCH = YES;
				SDKROOT = iphoneos;
				SWIFT_ACTIVE_COMPILATION_CONDITIONS = "DEBUG $(inherited)";
				SWIFT_OPTIMIZATION_LEVEL = "-Onone";
			};
			name = Debug;
		};
		C8A58FF22D996C3A00CB8195 /* Release */ = {
			isa = XCBuildConfiguration;
			buildSettings = {
				ALWAYS_SEARCH_USER_PATHS = NO;
				ASSETCATALOG_COMPILER_GENERATE_SWIFT_ASSET_SYMBOL_EXTENSIONS = YES;
				CLANG_ANALYZER_NONNULL = YES;
				CLANG_ANALYZER_NUMBER_OBJECT_CONVERSION = YES_AGGRESSIVE;
				CLANG_CXX_LANGUAGE_STANDARD = "gnu++20";
				CLANG_ENABLE_MODULES = YES;
				CLANG_ENABLE_OBJC_ARC = YES;
				CLANG_ENABLE_OBJC_WEAK = YES;
				CLANG_WARN_BLOCK_CAPTURE_AUTORELEASING = YES;
				CLANG_WARN_BOOL_CONVERSION = YES;
				CLANG_WARN_COMMA = YES;
				CLANG_WARN_CONSTANT_CONVERSION = YES;
				CLANG_WARN_DEPRECATED_OBJC_IMPLEMENTATIONS = YES;
				CLANG_WARN_DIRECT_OBJC_ISA_USAGE = YES_ERROR;
				CLANG_WARN_DOCUMENTATION_COMMENTS = YES;
				CLANG_WARN_EMPTY_BODY = YES;
				CLANG_WARN_ENUM_CONVERSION = YES;
				CLANG_WARN_INFINITE_RECURSION = YES;
				CLANG_WARN_INT_CONVERSION = YES;
				CLANG_WARN_NON_LITERAL_NULL_CONVERSION = YES;
				CLANG_WARN_OBJC_IMPLICIT_RETAIN_SELF = YES;
				CLANG_WARN_OBJC_LITERAL_CONVERSION = YES;
				CLANG_WARN_OBJC_ROOT_CLASS = YES_ERROR;
				CLANG_WARN_QUOTED_INCLUDE_IN_FRAMEWORK_HEADER = YES;
				CLANG_WARN_RANGE_LOOP_ANALYSIS = YES;
				CLANG_WARN_STRICT_PROTOTYPES = YES;
				CLANG_WARN_SUSPICIOUS_MOVE = YES;
				CLANG_WARN_UNGUARDED_AVAILABILITY = YES_AGGRESSIVE;
				CLANG_WARN_UNREACHABLE_CODE = YES;
				CLANG_WARN__DUPLICATE_METHOD_MATCH = YES;
				COPY_PHASE_STRIP = NO;
				DEBUG_INFORMATION_FORMAT = "dwarf-with-dsym";
				ENABLE_NS_ASSERTIONS = NO;
				ENABLE_STRICT_OBJC_MSGSEND = YES;
				ENABLE_USER_SCRIPT_SANDBOXING = YES;
				GCC_C_LANGUAGE_STANDARD = gnu17;
				GCC_NO_COMMON_BLOCKS = YES;
				GCC_WARN_64_TO_32_BIT_CONVERSION = YES;
				GCC_WARN_ABOUT_RETURN_TYPE = YES_ERROR;
				GCC_WARN_UNDECLARED_SELECTOR = YES;
				GCC_WARN_UNINITIALIZED_AUTOS = YES_AGGRESSIVE;
				GCC_WARN_UNUSED_FUNCTION = YES;
				GCC_WARN_UNUSED_VARIABLE = YES;
				IPHONEOS_DEPLOYMENT_TARGET = 18.2;
				LOCALIZATION_PREFERS_STRING_CATALOGS = YES;
				MTL_ENABLE_DEBUG_INFO = NO;
				MTL_FAST_MATH = YES;
				SDKROOT = iphoneos;
				SWIFT_COMPILATION_MODE = wholemodule;
				VALIDATE_PRODUCT = YES;
			};
			name = Release;
		};
		C8A58FF42D996C3A00CB8195 /* Debug */ = {
			isa = XCBuildConfiguration;
			buildSettings = {
				ASSETCATALOG_COMPILER_APPICON_NAME = AppIcon;
				ASSETCATALOG_COMPILER_GLOBAL_ACCENT_COLOR_NAME = AccentColor;
				CODE_SIGN_STYLE = Automatic;
				CURRENT_PROJECT_VERSION = 1;
				DEVELOPMENT_ASSET_PATHS = "\"Aura_iOS/Preview Content\"";
				DEVELOPMENT_TEAM = H7C875HHS6;
				ENABLE_PREVIEWS = YES;
				GENERATE_INFOPLIST_FILE = YES;
				INFOPLIST_KEY_UIApplicationSceneManifest_Generation = YES;
				INFOPLIST_KEY_UIApplicationSupportsIndirectInputEvents = YES;
				INFOPLIST_KEY_UILaunchScreen_Generation = YES;
				INFOPLIST_KEY_UISupportedInterfaceOrientations_iPad = "UIInterfaceOrientationPortrait UIInterfaceOrientationPortraitUpsideDown UIInterfaceOrientationLandscapeLeft UIInterfaceOrientationLandscapeRight";
				INFOPLIST_KEY_UISupportedInterfaceOrientations_iPhone = "UIInterfaceOrientationPortrait UIInterfaceOrientationLandscapeLeft UIInterfaceOrientationLandscapeRight";
				LD_RUNPATH_SEARCH_PATHS = (
					"$(inherited)",
					"@executable_path/Frameworks",
				);
				MARKETING_VERSION = 1.0;
				PRODUCT_BUNDLE_IDENTIFIER = "com.genesis.MHT.Aura-iOS";
				PRODUCT_NAME = "$(TARGET_NAME)";
				SWIFT_EMIT_LOC_STRINGS = YES;
				SWIFT_VERSION = 5.0;
				TARGETED_DEVICE_FAMILY = "1,2";
			};
			name = Debug;
		};
		C8A58FF52D996C3A00CB8195 /* Release */ = {
			isa = XCBuildConfiguration;
			buildSettings = {
				ASSETCATALOG_COMPILER_APPICON_NAME = AppIcon;
				ASSETCATALOG_COMPILER_GLOBAL_ACCENT_COLOR_NAME = AccentColor;
				CODE_SIGN_STYLE = Automatic;
				CURRENT_PROJECT_VERSION = 1;
				DEVELOPMENT_ASSET_PATHS = "\"Aura_iOS/Preview Content\"";
				DEVELOPMENT_TEAM = H7C875HHS6;
				ENABLE_PREVIEWS = YES;
				GENERATE_INFOPLIST_FILE = YES;
				INFOPLIST_KEY_UIApplicationSceneManifest_Generation = YES;
				INFOPLIST_KEY_UIApplicationSupportsIndirectInputEvents = YES;
				INFOPLIST_KEY_UILaunchScreen_Generation = YES;
				INFOPLIST_KEY_UISupportedInterfaceOrientations_iPad = "UIInterfaceOrientationPortrait UIInterfaceOrientationPortraitUpsideDown UIInterfaceOrientationLandscapeLeft UIInterfaceOrientationLandscapeRight";
				INFOPLIST_KEY_UISupportedInterfaceOrientations_iPhone = "UIInterfaceOrientationPortrait UIInterfaceOrientationLandscapeLeft UIInterfaceOrientationLandscapeRight";
				LD_RUNPATH_SEARCH_PATHS = (
					"$(inherited)",
					"@executable_path/Frameworks",
				);
				MARKETING_VERSION = 1.0;
				PRODUCT_BUNDLE_IDENTIFIER = "com.genesis.MHT.Aura-iOS";
				PRODUCT_NAME = "$(TARGET_NAME)";
				SWIFT_EMIT_LOC_STRINGS = YES;
				SWIFT_VERSION = 5.0;
				TARGETED_DEVICE_FAMILY = "1,2";
			};
			name = Release;
		};
		C8A58FF72D996C3A00CB8195 /* Debug */ = {
			isa = XCBuildConfiguration;
			buildSettings = {
				BUNDLE_LOADER = "$(TEST_HOST)";
				CODE_SIGN_STYLE = Automatic;
				CURRENT_PROJECT_VERSION = 1;
				DEVELOPMENT_TEAM = H7C875HHS6;
				GENERATE_INFOPLIST_FILE = YES;
				IPHONEOS_DEPLOYMENT_TARGET = 18.2;
				MARKETING_VERSION = 1.0;
				PRODUCT_BUNDLE_IDENTIFIER = "com.genesis.MHT.Aura-iOSTests";
				PRODUCT_NAME = "$(TARGET_NAME)";
				SWIFT_EMIT_LOC_STRINGS = NO;
				SWIFT_VERSION = 5.0;
				TARGETED_DEVICE_FAMILY = "1,2";
				TEST_HOST = "$(BUILT_PRODUCTS_DIR)/Aura_iOS.app/$(BUNDLE_EXECUTABLE_FOLDER_PATH)/Aura_iOS";
			};
			name = Debug;
		};
		C8A58FF82D996C3A00CB8195 /* Release */ = {
			isa = XCBuildConfiguration;
			buildSettings = {
				BUNDLE_LOADER = "$(TEST_HOST)";
				CODE_SIGN_STYLE = Automatic;
				CURRENT_PROJECT_VERSION = 1;
				DEVELOPMENT_TEAM = H7C875HHS6;
				GENERATE_INFOPLIST_FILE = YES;
				IPHONEOS_DEPLOYMENT_TARGET = 18.2;
				MARKETING_VERSION = 1.0;
				PRODUCT_BUNDLE_IDENTIFIER = "com.genesis.MHT.Aura-iOSTests";
				PRODUCT_NAME = "$(TARGET_NAME)";
				SWIFT_EMIT_LOC_STRINGS = NO;
				SWIFT_VERSION = 5.0;
				TARGETED_DEVICE_FAMILY = "1,2";
				TEST_HOST = "$(BUILT_PRODUCTS_DIR)/Aura_iOS.app/$(BUNDLE_EXECUTABLE_FOLDER_PATH)/Aura_iOS";
			};
			name = Release;
		};
		C8A58FFA2D996C3A00CB8195 /* Debug */ = {
			isa = XCBuildConfiguration;
			buildSettings = {
				CODE_SIGN_STYLE = Automatic;
				CURRENT_PROJECT_VERSION = 1;
				DEVELOPMENT_TEAM = H7C875HHS6;
				GENERATE_INFOPLIST_FILE = YES;
				MARKETING_VERSION = 1.0;
				PRODUCT_BUNDLE_IDENTIFIER = "com.genesis.MHT.Aura-iOSUITests";
				PRODUCT_NAME = "$(TARGET_NAME)";
				SWIFT_EMIT_LOC_STRINGS = NO;
				SWIFT_VERSION = 5.0;
				TARGETED_DEVICE_FAMILY = "1,2";
				TEST_TARGET_NAME = Aura_iOS;
			};
			name = Debug;
		};
		C8A58FFB2D996C3A00CB8195 /* Release */ = {
			isa = XCBuildConfiguration;
			buildSettings = {
				CODE_SIGN_STYLE = Automatic;
				CURRENT_PROJECT_VERSION = 1;
				DEVELOPMENT_TEAM = H7C875HHS6;
				GENERATE_INFOPLIST_FILE = YES;
				MARKETING_VERSION = 1.0;
				PRODUCT_BUNDLE_IDENTIFIER = "com.genesis.MHT.Aura-iOSUITests";
				PRODUCT_NAME = "$(TARGET_NAME)";
				SWIFT_EMIT_LOC_STRINGS = NO;
				SWIFT_VERSION = 5.0;
				TARGETED_DEVICE_FAMILY = "1,2";
				TEST_TARGET_NAME = Aura_iOS;
			};
			name = Release;
		};
/* End XCBuildConfiguration section */

/* Begin XCConfigurationList section */
		C8A58FC82D996C3900CB8195 /* Build configuration list for PBXProject "Aura_iOS" */ = {
			isa = XCConfigurationList;
			buildConfigurations = (
				C8A58FF12D996C3A00CB8195 /* Debug */,
				C8A58FF22D996C3A00CB8195 /* Release */,
			);
			defaultConfigurationIsVisible = 0;
			defaultConfigurationName = Release;
		};
		C8A58FF32D996C3A00CB8195 /* Build configuration list for PBXNativeTarget "Aura_iOS" */ = {
			isa = XCConfigurationList;
			buildConfigurations = (
				C8A58FF42D996C3A00CB8195 /* Debug */,
				C8A58FF52D996C3A00CB8195 /* Release */,
			);
			defaultConfigurationIsVisible = 0;
			defaultConfigurationName = Release;
		};
		C8A58FF62D996C3A00CB8195 /* Build configuration list for PBXNativeTarget "Aura_iOSTests" */ = {
			isa = XCConfigurationList;
			buildConfigurations = (
				C8A58FF72D996C3A00CB8195 /* Debug */,
				C8A58FF82D996C3A00CB8195 /* Release */,
			);
			defaultConfigurationIsVisible = 0;
			defaultConfigurationName = Release;
		};
		C8A58FF92D996C3A00CB8195 /* Build configuration list for PBXNativeTarget "Aura_iOSUITests" */ = {
			isa = XCConfigurationList;
			buildConfigurations = (
				C8A58FFA2D996C3A00CB8195 /* Debug */,
				C8A58FFB2D996C3A00CB8195 /* Release */,
			);
			defaultConfigurationIsVisible = 0;
			defaultConfigurationName = Release;
		};
/* End XCConfigurationList section */
	};
	rootObject = C8A58FC52D996C3900CB8195 /* Project object */;
}
